
Microsoft Visual Studio Solution File, Format Version 12.00
# Visual Studio Version 17
VisualStudioVersion = 17.8.0.0
MinimumVisualStudioVersion = 17.8.0.0
Project("{9A19103F-16F7-4668-BE54-9A1E7A4F7556}") = "HouseParty.AppHost", "HouseParty.AppHost\HouseParty.AppHost.csproj", "{95228BDF-2408-43BD-8C42-FD2F4D42412E}"
EndProject
Project("{9A19103F-16F7-4668-BE54-9A1E7A4F7556}") = "HouseParty.Server", "HouseParty.Server\HouseParty.Server.csproj", "{613A57CF-6484-4373-A6D1-8B376FA5F90A}"
EndProject
Project("{54A90642-561A-4BB1-A94E-469ADEE60C69}") = "frontend", "frontend\frontend.esproj", "{B86E16DE-0BD1-4D07-9427-B352BBDE5C11}"
EndProject
Project("{FAE04EC0-301F-11D3-BF4B-00C04F79EFBC}") = "HouseParty.GameEngine", "HouseParty.GameEngine\HouseParty.GameEngine.csproj", "{870734CB-ED0E-49E5-AB67-2AF6DA7CA992}"
EndProject
Project("{FAE04EC0-301F-11D3-BF4B-00C04F79EFBC}") = "HouseParty.GameEngine.Tests", "HouseParty.GameEngine.Tests\HouseParty.GameEngine.Tests.csproj", "{B773C516-0359-4D28-8FDC-69E2ABD79A6C}"
EndProject
Project("{FAE04EC0-301F-11D3-BF4B-00C04F79EFBC}") = "HouseParty.Server.Tests", "HouseParty.Server.Tests\HouseParty.Server.Tests.csproj", "{199D241F-7593-4E38-AB05-CDA9D9C71384}"
EndProject
Project("{2150E333-8FDC-42A3-9474-1A3956D46DE8}") = "Tests", "Tests", "{AE0CC333-9AF8-4565-A51E-40C27CF915A0}"
EndProject
Project("{2150E333-8FDC-42A3-9474-1A3956D46DE8}") = "Backend", "Backend", "{0211E538-DB51-458E-8F8D-2E9C226FEE96}"
EndProject
Project("{54A90642-561A-4BB1-A94E-469ADEE60C69}") = "houseparty-sdk", "houseparty-sdk\houseparty-sdk.esproj", "{EC020389-B4EB-413C-8BB1-F2C76913607A}"
EndProject
Project("{FAE04EC0-301F-11D3-BF4B-00C04F79EFBC}") = "HouseParty.E2E", "HouseParty.E2E\HouseParty.E2E.csproj", "{EDC95AF7-F27A-4EDA-87B7-E1ACAA50912E}"
EndProject
Project("{54A90642-561A-4BB1-A94E-469ADEE60C69}") = "houseparty-docs", "houseparty-docs\houseparty-docs.esproj", "{1CF5D401-6E34-49A2-A5ED-6EDFFCBC9357}"
EndProject
Global
	GlobalSection(SolutionConfigurationPlatforms) = preSolution
		Debug|Any CPU = Debug|Any CPU
		Debug|x64 = Debug|x64
		Debug|x86 = Debug|x86
		Release|Any CPU = Release|Any CPU
		Release|x64 = Release|x64
		Release|x86 = Release|x86
	EndGlobalSection
	GlobalSection(ProjectConfigurationPlatforms) = postSolution
		{95228BDF-2408-43BD-8C42-FD2F4D42412E}.Debug|Any CPU.ActiveCfg = Debug|Any CPU
		{95228BDF-2408-43BD-8C42-FD2F4D42412E}.Debug|Any CPU.Build.0 = Debug|Any CPU
		{95228BDF-2408-43BD-8C42-FD2F4D42412E}.Debug|x64.ActiveCfg = Debug|Any CPU
		{95228BDF-2408-43BD-8C42-FD2F4D42412E}.Debug|x64.Build.0 = Debug|Any CPU
		{95228BDF-2408-43BD-8C42-FD2F4D42412E}.Debug|x86.ActiveCfg = Debug|Any CPU
		{95228BDF-2408-43BD-8C42-FD2F4D42412E}.Debug|x86.Build.0 = Debug|Any CPU
		{95228BDF-2408-43BD-8C42-FD2F4D42412E}.Release|Any CPU.ActiveCfg = Release|Any CPU
		{95228BDF-2408-43BD-8C42-FD2F4D42412E}.Release|Any CPU.Build.0 = Release|Any CPU
		{95228BDF-2408-43BD-8C42-FD2F4D42412E}.Release|x64.ActiveCfg = Release|Any CPU
		{95228BDF-2408-43BD-8C42-FD2F4D42412E}.Release|x64.Build.0 = Release|Any CPU
		{95228BDF-2408-43BD-8C42-FD2F4D42412E}.Release|x86.ActiveCfg = Release|Any CPU
		{95228BDF-2408-43BD-8C42-FD2F4D42412E}.Release|x86.Build.0 = Release|Any CPU
		{613A57CF-6484-4373-A6D1-8B376FA5F90A}.Debug|Any CPU.ActiveCfg = Debug|Any CPU
		{613A57CF-6484-4373-A6D1-8B376FA5F90A}.Debug|Any CPU.Build.0 = Debug|Any CPU
		{613A57CF-6484-4373-A6D1-8B376FA5F90A}.Debug|x64.ActiveCfg = Debug|Any CPU
		{613A57CF-6484-4373-A6D1-8B376FA5F90A}.Debug|x64.Build.0 = Debug|Any CPU
		{613A57CF-6484-4373-A6D1-8B376FA5F90A}.Debug|x86.ActiveCfg = Debug|Any CPU
		{613A57CF-6484-4373-A6D1-8B376FA5F90A}.Debug|x86.Build.0 = Debug|Any CPU
		{613A57CF-6484-4373-A6D1-8B376FA5F90A}.Release|Any CPU.ActiveCfg = Release|Any CPU
		{613A57CF-6484-4373-A6D1-8B376FA5F90A}.Release|Any CPU.Build.0 = Release|Any CPU
		{613A57CF-6484-4373-A6D1-8B376FA5F90A}.Release|x64.ActiveCfg = Release|Any CPU
		{613A57CF-6484-4373-A6D1-8B376FA5F90A}.Release|x64.Build.0 = Release|Any CPU
		{613A57CF-6484-4373-A6D1-8B376FA5F90A}.Release|x86.ActiveCfg = Release|Any CPU
		{613A57CF-6484-4373-A6D1-8B376FA5F90A}.Release|x86.Build.0 = Release|Any CPU
		{B86E16DE-0BD1-4D07-9427-B352BBDE5C11}.Debug|Any CPU.ActiveCfg = Debug|Any CPU
		{B86E16DE-0BD1-4D07-9427-B352BBDE5C11}.Debug|Any CPU.Build.0 = Debug|Any CPU
		{B86E16DE-0BD1-4D07-9427-B352BBDE5C11}.Debug|x64.ActiveCfg = Debug|x64
		{B86E16DE-0BD1-4D07-9427-B352BBDE5C11}.Debug|x86.ActiveCfg = Debug|x86
		{B86E16DE-0BD1-4D07-9427-B352BBDE5C11}.Release|Any CPU.ActiveCfg = Debug|Any CPU
		{B86E16DE-0BD1-4D07-9427-B352BBDE5C11}.Release|Any CPU.Build.0 = Debug|Any CPU
		{B86E16DE-0BD1-4D07-9427-B352BBDE5C11}.Release|x64.ActiveCfg = Release|x64
		{B86E16DE-0BD1-4D07-9427-B352BBDE5C11}.Release|x86.ActiveCfg = Release|x86
		{870734CB-ED0E-49E5-AB67-2AF6DA7CA992}.Debug|Any CPU.ActiveCfg = Debug|Any CPU
		{870734CB-ED0E-49E5-AB67-2AF6DA7CA992}.Debug|Any CPU.Build.0 = Debug|Any CPU
		{870734CB-ED0E-49E5-AB67-2AF6DA7CA992}.Debug|x64.ActiveCfg = Debug|Any CPU
		{870734CB-ED0E-49E5-AB67-2AF6DA7CA992}.Debug|x64.Build.0 = Debug|Any CPU
		{870734CB-ED0E-49E5-AB67-2AF6DA7CA992}.Debug|x86.ActiveCfg = Debug|Any CPU
		{870734CB-ED0E-49E5-AB67-2AF6DA7CA992}.Debug|x86.Build.0 = Debug|Any CPU
		{870734CB-ED0E-49E5-AB67-2AF6DA7CA992}.Release|Any CPU.ActiveCfg = Release|Any CPU
		{870734CB-ED0E-49E5-AB67-2AF6DA7CA992}.Release|Any CPU.Build.0 = Release|Any CPU
		{870734CB-ED0E-49E5-AB67-2AF6DA7CA992}.Release|x64.ActiveCfg = Release|Any CPU
		{870734CB-ED0E-49E5-AB67-2AF6DA7CA992}.Release|x64.Build.0 = Release|Any CPU
		{870734CB-ED0E-49E5-AB67-2AF6DA7CA992}.Release|x86.ActiveCfg = Release|Any CPU
		{870734CB-ED0E-49E5-AB67-2AF6DA7CA992}.Release|x86.Build.0 = Release|Any CPU
		{B773C516-0359-4D28-8FDC-69E2ABD79A6C}.Debug|Any CPU.ActiveCfg = Debug|Any CPU
		{B773C516-0359-4D28-8FDC-69E2ABD79A6C}.Debug|Any CPU.Build.0 = Debug|Any CPU
		{B773C516-0359-4D28-8FDC-69E2ABD79A6C}.Debug|x64.ActiveCfg = Debug|Any CPU
		{B773C516-0359-4D28-8FDC-69E2ABD79A6C}.Debug|x64.Build.0 = Debug|Any CPU
		{B773C516-0359-4D28-8FDC-69E2ABD79A6C}.Debug|x86.ActiveCfg = Debug|Any CPU
		{B773C516-0359-4D28-8FDC-69E2ABD79A6C}.Debug|x86.Build.0 = Debug|Any CPU
		{B773C516-0359-4D28-8FDC-69E2ABD79A6C}.Release|Any CPU.ActiveCfg = Release|Any CPU
		{B773C516-0359-4D28-8FDC-69E2ABD79A6C}.Release|Any CPU.Build.0 = Release|Any CPU
		{B773C516-0359-4D28-8FDC-69E2ABD79A6C}.Release|x64.ActiveCfg = Release|Any CPU
		{B773C516-0359-4D28-8FDC-69E2ABD79A6C}.Release|x64.Build.0 = Release|Any CPU
		{B773C516-0359-4D28-8FDC-69E2ABD79A6C}.Release|x86.ActiveCfg = Release|Any CPU
		{B773C516-0359-4D28-8FDC-69E2ABD79A6C}.Release|x86.Build.0 = Release|Any CPU
		{199D241F-7593-4E38-AB05-CDA9D9C71384}.Debug|Any CPU.ActiveCfg = Debug|Any CPU
		{199D241F-7593-4E38-AB05-CDA9D9C71384}.Debug|Any CPU.Build.0 = Debug|Any CPU
		{199D241F-7593-4E38-AB05-CDA9D9C71384}.Debug|x64.ActiveCfg = Debug|Any CPU
		{199D241F-7593-4E38-AB05-CDA9D9C71384}.Debug|x64.Build.0 = Debug|Any CPU
		{199D241F-7593-4E38-AB05-CDA9D9C71384}.Debug|x86.ActiveCfg = Debug|Any CPU
		{199D241F-7593-4E38-AB05-CDA9D9C71384}.Debug|x86.Build.0 = Debug|Any CPU
		{199D241F-7593-4E38-AB05-CDA9D9C71384}.Release|Any CPU.ActiveCfg = Release|Any CPU
		{199D241F-7593-4E38-AB05-CDA9D9C71384}.Release|Any CPU.Build.0 = Release|Any CPU
			{199D241F-7593-4E38-AB05-CDA9D9C71384}.Release|x64.ActiveCfg = Release|Any CPU
			{199D241F-7593-4E38-AB05-CDA9D9C71384}.Release|x64.Build.0 = Release|Any CPU
			{199D241F-7593-4E38-AB05-CDA9D9C71384}.Release|x86.ActiveCfg = Release|Any CPU
			{199D241F-7593-4E38-AB05-CDA9D9C71384}.Release|x86.Build.0 = Release|Any CPU
			{EC020389-B4EB-413C-8BB1-F2C76913607A}.Debug|Any CPU.ActiveCfg = Debug|Any CPU
			{EC020389-B4EB-413C-8BB1-F2C76913607A}.Debug|Any CPU.Build.0 = Debug|Any CPU
			{EC020389-B4EB-413C-8BB1-F2C76913607A}.Debug|x64.ActiveCfg = Debug|Any CPU
			{EC020389-B4EB-413C-8BB1-F2C76913607A}.Debug|x64.Build.0 = Debug|Any CPU
			{EC020389-B4EB-413C-8BB1-F2C76913607A}.Debug|x86.ActiveCfg = Debug|Any CPU
			{EC020389-B4EB-413C-8BB1-F2C76913607A}.Debug|x86.Build.0 = Debug|Any CPU
			{EC020389-B4EB-413C-8BB1-F2C76913607A}.Release|Any CPU.ActiveCfg = Debug|Any CPU
			{EC020389-B4EB-413C-8BB1-F2C76913607A}.Release|Any CPU.Build.0 = Debug|Any CPU
			{EC020389-B4EB-413C-8BB1-F2C76913607A}.Release|x64.ActiveCfg = Debug|Any CPU
			{EC020389-B4EB-413C-8BB1-F2C76913607A}.Release|x64.Build.0 = Debug|Any CPU
			{EC020389-B4EB-413C-8BB1-F2C76913607A}.Release|x86.ActiveCfg = Debug|Any CPU
			{EC020389-B4EB-413C-8BB1-F2C76913607A}.Release|x86.Build.0 = Debug|Any CPU
		{EDC95AF7-F27A-4EDA-87B7-E1ACAA50912E}.Debug|Any CPU.ActiveCfg = Debug|Any CPU
		{EDC95AF7-F27A-4EDA-87B7-E1ACAA50912E}.Debug|Any CPU.Build.0 = Debug|Any CPU
		{EDC95AF7-F27A-4EDA-87B7-E1ACAA50912E}.Debug|x64.ActiveCfg = Debug|Any CPU
		{EDC95AF7-F27A-4EDA-87B7-E1ACAA50912E}.Debug|x64.Build.0 = Debug|Any CPU
		{EDC95AF7-F27A-4EDA-87B7-E1ACAA50912E}.Debug|x86.ActiveCfg = Debug|Any CPU
		{EDC95AF7-F27A-4EDA-87B7-E1ACAA50912E}.Debug|x86.Build.0 = Debug|Any CPU
		{EDC95AF7-F27A-4EDA-87B7-E1ACAA50912E}.Release|Any CPU.ActiveCfg = Release|Any CPU
		{EDC95AF7-F27A-4EDA-87B7-E1ACAA50912E}.Release|Any CPU.Build.0 = Release|Any CPU
		{EDC95AF7-F27A-4EDA-87B7-E1ACAA50912E}.Release|x64.ActiveCfg = Release|Any CPU
		{EDC95AF7-F27A-4EDA-87B7-E1ACAA50912E}.Release|x64.Build.0 = Release|Any CPU
		{EDC95AF7-F27A-4EDA-87B7-E1ACAA50912E}.Release|x86.ActiveCfg = Release|Any CPU
		{EDC95AF7-F27A-4EDA-87B7-E1ACAA50912E}.Release|x86.Build.0 = Release|Any CPU
		{1CF5D401-6E34-49A2-A5ED-6EDFFCBC9357}.Debug|Any CPU.ActiveCfg = Debug|Any CPU
		{1CF5D401-6E34-49A2-A5ED-6EDFFCBC9357}.Debug|Any CPU.Build.0 = Debug|Any CPU
		{1CF5D401-6E34-49A2-A5ED-6EDFFCBC9357}.Debug|x64.ActiveCfg = Debug|Any CPU
		{1CF5D401-6E34-49A2-A5ED-6EDFFCBC9357}.Debug|x64.Build.0 = Debug|Any CPU
		{1CF5D401-6E34-49A2-A5ED-6EDFFCBC9357}.Debug|x86.ActiveCfg = Debug|Any CPU
		{1CF5D401-6E34-49A2-A5ED-6EDFFCBC9357}.Debug|x86.Build.0 = Debug|Any CPU
		{1CF5D401-6E34-49A2-A5ED-6EDFFCBC9357}.Release|Any CPU.ActiveCfg = Debug|Any CPU
		{1CF5D401-6E34-49A2-A5ED-6EDFFCBC9357}.Release|Any CPU.Build.0 = Debug|Any CPU
		{1CF5D401-6E34-49A2-A5ED-6EDFFCBC9357}.Release|x64.ActiveCfg = Debug|Any CPU
		{1CF5D401-6E34-49A2-A5ED-6EDFFCBC9357}.Release|x64.Build.0 = Debug|Any CPU
		{1CF5D401-6E34-49A2-A5ED-6EDFFCBC9357}.Release|x86.ActiveCfg = Debug|Any CPU
		{1CF5D401-6E34-49A2-A5ED-6EDFFCBC9357}.Release|x86.Build.0 = Debug|Any CPU
	EndGlobalSection
	GlobalSection(SolutionProperties) = preSolution
		HideSolutionNode = FALSE
	EndGlobalSection
	GlobalSection(ExtensibilityGlobals) = postSolution
		SolutionGuid = {41EF8DDD-90DE-405A-B336-71B4F71F0554}
	EndGlobalSection
	GlobalSection(NestedProjects) = preSolution
		{199D241F-7593-4E38-AB05-CDA9D9C71384} = {AE0CC333-9AF8-4565-A51E-40C27CF915A0}
		{B773C516-0359-4D28-8FDC-69E2ABD79A6C} = {AE0CC333-9AF8-4565-A51E-40C27CF915A0}
		{870734CB-ED0E-49E5-AB67-2AF6DA7CA992} = {0211E538-DB51-458E-8F8D-2E9C226FEE96}
		{613A57CF-6484-4373-A6D1-8B376FA5F90A} = {0211E538-DB51-458E-8F8D-2E9C226FEE96}
		{EDC95AF7-F27A-4EDA-87B7-E1ACAA50912E} = {AE0CC333-9AF8-4565-A51E-40C27CF915A0}
	EndGlobalSection
EndGlobal
